Microsoft Visual Studio Solution File, Format Version 11.00
# Visual Studio 2008

Project("{076A852A-B92B-E85C-081D-A19F9EA49413}") = "roll-ball", "Assembly-CSharp.csproj", "{668997AA-FE69-3F18-E194-CE569781A5A9}"
EndProject
Global
	GlobalSection(SolutionConfigurationPlatforms) = preSolution
		Debug|Any CPU = Debug|Any CPU
		Release|Any CPU = Release|Any CPU
	EndGlobalSection
	GlobalSection(ProjectConfigurationPlatforms) = postSolution
		{668997AA-FE69-3F18-E194-CE569781A5A9}.Debug|Any CPU.ActiveCfg = Debug|Any CPU
		{668997AA-FE69-3F18-E194-CE569781A5A9}.Debug|Any CPU.Build.0 = Debug|Any CPU
		{668997AA-FE69-3F18-E194-CE569781A5A9}.Release|Any CPU.ActiveCfg = Release|Any CPU
		{668997AA-FE69-3F18-E194-CE569781A5A9}.Release|Any CPU.Build.0 = Release|Any CPU
	EndGlobalSection
	GlobalSection(SolutionProperties) = preSolution
		HideSolutionNode = FALSE
	EndGlobalSection
	GlobalSection(MonoDevelopProperties) = preSolution
		StartupItem = Assembly-CSharp.csproj
	EndGlobalSection
EndGlobal
